
Microsoft Visual Studio Solution File, Format Version 12.00
Project("{FAE04EC0-301F-11D3-BF4B-00C04F79EFBC}") = "Miodenus", "Miodenus\Miodenus.csproj", "{99F965AD-D63C-4CE6-AA2F-18058232A4F6}"
EndProject
Global
	GlobalSection(SolutionConfigurationPlatforms) = preSolution
		Debug|Any CPU = Debug|Any CPU
		Release|Any CPU = Release|Any CPU
	EndGlobalSection
	GlobalSection(ProjectConfigurationPlatforms) = postSolution
		{99F965AD-D63C-4CE6-AA2F-18058232A4F6}.Debug|Any CPU.ActiveCfg = Debug|Any CPU
		{99F965AD-D63C-4CE6-AA2F-18058232A4F6}.Debug|Any CPU.Build.0 = Debug|Any CPU
		{99F965AD-D63C-4CE6-AA2F-18058232A4F6}.Release|Any CPU.ActiveCfg = Release|Any CPU
		{99F965AD-D63C-4CE6-AA2F-18058232A4F6}.Release|Any CPU.Build.0 = Release|Any CPU
	EndGlobalSection
EndGlobal
